
Microsoft Visual Studio Solution File, Format Version 12.00
# Visual Studio 15
VisualStudioVersion = 15.0.28307.438
MinimumVisualStudioVersion = 10.0.40219.1
Project("{9A19103F-16F7-4668-BE54-9A1E7A4F7556}") = "SchBasicCoreConsole", "SchBasicCoreConsole.csproj", "{D1CF3098-44A0-4027-A3BB-C579EF75FEF2}"
EndProject
Global
	GlobalSection(SolutionConfigurationPlatforms) = preSolution
		Debug|Any CPU = Debug|Any CPU
		Release|Any CPU = Release|Any CPU
	EndGlobalSection
	GlobalSection(ProjectConfigurationPlatforms) = postSolution
		{D1CF3098-44A0-4027-A3BB-C579EF75FEF2}.Debug|Any CPU.ActiveCfg = Debug|Any CPU
		{D1CF3098-44A0-4027-A3BB-C579EF75FEF2}.Debug|Any CPU.Build.0 = Debug|Any CPU
		{D1CF3098-44A0-4027-A3BB-C579EF75FEF2}.Release|Any CPU.ActiveCfg = Release|Any CPU
		{D1CF3098-44A0-4027-A3BB-C579EF75FEF2}.Release|Any CPU.Build.0 = Release|Any CPU
	EndGlobalSection
	GlobalSection(SolutionProperties) = preSolution
		HideSolutionNode = FALSE
	EndGlobalSection
	GlobalSection(ExtensibilityGlobals) = postSolution
		SolutionGuid = {FE9AA386-6C4C-4DBF-AD5C-15C20B696D91}
	EndGlobalSection
EndGlobal
